
Microsoft Visual Studio Solution File, Format Version 12.00
# Visual Studio Version 17
VisualStudioVersion = 17.6.33815.320
MinimumVisualStudioVersion = 10.0.40219.1
Project("{FAE04EC0-301F-11D3-BF4B-00C04F79EFBC}") = "ProvaEreditarietà", "ProvaEreditarietà\ProvaEreditarietà.csproj", "{C468E783-EA7D-461C-9B7C-DF522F11B8B5}"
EndProject
Global
	GlobalSection(SolutionConfigurationPlatforms) = preSolution
		Debug|Any CPU = Debug|Any CPU
		Release|Any CPU = Release|Any CPU
	EndGlobalSection
	GlobalSection(ProjectConfigurationPlatforms) = postSolution
		{C468E783-EA7D-461C-9B7C-DF522F11B8B5}.Debug|Any CPU.ActiveCfg = Debug|Any CPU
		{C468E783-EA7D-461C-9B7C-DF522F11B8B5}.Debug|Any CPU.Build.0 = Debug|Any CPU
		{C468E783-EA7D-461C-9B7C-DF522F11B8B5}.Release|Any CPU.ActiveCfg = Release|Any CPU
		{C468E783-EA7D-461C-9B7C-DF522F11B8B5}.Release|Any CPU.Build.0 = Release|Any CPU
	EndGlobalSection
	GlobalSection(SolutionProperties) = preSolution
		HideSolutionNode = FALSE
	EndGlobalSection
	GlobalSection(ExtensibilityGlobals) = postSolution
		SolutionGuid = {82C57F42-CBF4-43D0-A535-0F21A8F839D8}
	EndGlobalSection
EndGlobal
